// !$*UTF8*$!
{
	archiveVersion = 1;
	classes = {
	};
	objectVersion = 55;
	objects = {

/* Begin PBXBuildFile section */
		ED2AE3B62BAF67C30088D850 /* AppDelegate.swift in Sources */ = {isa = PBXBuildFile; fileRef = ED2AE3B52BAF67C30088D850 /* AppDelegate.swift */; };
		ED2AE3B82BAF67C30088D850 /* SceneDelegate.swift in Sources */ = {isa = PBXBuildFile; fileRef = ED2AE3B72BAF67C30088D850 /* SceneDelegate.swift */; };
		ED2AE3BA2BAF67C30088D850 /* ViewController.swift in Sources */ = {isa = PBXBuildFile; fileRef = ED2AE3B92BAF67C30088D850 /* ViewController.swift */; };
		ED2AE3BD2BAF67C30088D850 /* Main.storyboard in Resources */ = {isa = PBXBuildFile; fileRef = ED2AE3BB2BAF67C30088D850 /* Main.storyboard */; };
		ED2AE3C02BAF67C30088D850 /* EasyBlog.xcdatamodeld in Sources */ = {isa = PBXBuildFile; fileRef = ED2AE3BE2BAF67C30088D850 /* EasyBlog.xcdatamodeld */; };
		ED2AE3C22BAF67C40088D850 /* Assets.xcassets in Resources */ = {isa = PBXBuildFile; fileRef = ED2AE3C12BAF67C40088D850 /* Assets.xcassets */; };
		ED2AE3C52BAF67C40088D850 /* LaunchScreen.storyboard in Resources */ = {isa = PBXBuildFile; fileRef = ED2AE3C32BAF67C40088D850 /* LaunchScreen.storyboard */; };
		ED2AE3D02BAF67C40088D850 /* EasyBlogTests.swift in Sources */ = {isa = PBXBuildFile; fileRef = ED2AE3CF2BAF67C40088D850 /* EasyBlogTests.swift */; };
		ED2AE3DA2BAF67C40088D850 /* EasyBlogUITests.swift in Sources */ = {isa = PBXBuildFile; fileRef = ED2AE3D92BAF67C40088D850 /* EasyBlogUITests.swift */; };
		ED2AE3DC2BAF67C40088D850 /* EasyBlogUITestsLaunchTests.swift in Sources */ = {isa = PBXBuildFile; fileRef = ED2AE3DB2BAF67C40088D850 /* EasyBlogUITestsLaunchTests.swift */; };
/* End PBXBuildFile section */

/* Begin PBXContainerItemProxy section */
		ED2AE3CC2BAF67C40088D850 /* PBXContainerItemProxy */ = {
			isa = PBXContainerItemProxy;
			containerPortal = ED2AE3AA2BAF67C30088D850 /* Project object */;
			proxyType = 1;
			remoteGlobalIDString = ED2AE3B12BAF67C30088D850;
			remoteInfo = EasyBlog;
		};
		ED2AE3D62BAF67C40088D850 /* PBXContainerItemProxy */ = {
			isa = PBXContainerItemProxy;
			containerPortal = ED2AE3AA2BAF67C30088D850 /* Project object */;
			proxyType = 1;
			remoteGlobalIDString = ED2AE3B12BAF67C30088D850;
			remoteInfo = EasyBlog;
		};
/* End PBXContainerItemProxy section */

/* Begin PBXFileReference section */
		ED2AE3B22BAF67C30088D850 /* EasyBlog.app */ = {isa = PBXFileReference; explicitFileType = wrapper.application; includeInIndex = 0; path = EasyBlog.app; sourceTree = BUILT_PRODUCTS_DIR; };
		ED2AE3B52BAF67C30088D850 /* AppDelegate.swift */ = {isa = PBXFileReference; lastKnownFileType = sourcecode.swift; path = AppDelegate.swift; sourceTree = "<group>"; };
		ED2AE3B72BAF67C30088D850 /* SceneDelegate.swift */ = {isa = PBXFileReference; lastKnownFileType = sourcecode.swift; path = SceneDelegate.swift; sourceTree = "<group>"; };
		ED2AE3B92BAF67C30088D850 /* ViewController.swift */ = {isa = PBXFileReference; lastKnownFileType = sourcecode.swift; path = ViewController.swift; sourceTree = "<group>"; };
		ED2AE3BC2BAF67C30088D850 /* Base */ = {isa = PBXFileReference; lastKnownFileType = file.storyboard; name = Base; path = Base.lproj/Main.storyboard; sourceTree = "<group>"; };
		ED2AE3BF2BAF67C30088D850 /* EasyBlog.xcdatamodel */ = {isa = PBXFileReference; lastKnownFileType = wrapper.xcdatamodel; path = EasyBlog.xcdatamodel; sourceTree = "<group>"; };
		ED2AE3C12BAF67C40088D850 /* Assets.xcassets */ = {isa = PBXFileReference; lastKnownFileType = folder.assetcatalog; path = Assets.xcassets; sourceTree = "<group>"; };
		ED2AE3C42BAF67C40088D850 /* Base */ = {isa = PBXFileReference; lastKnownFileType = file.storyboard; name = Base; path = Base.lproj/LaunchScreen.storyboard; sourceTree = "<group>"; };
		ED2AE3C62BAF67C40088D850 /* Info.plist */ = {isa = PBXFileReference; lastKnownFileType = text.plist.xml; path = Info.plist; sourceTree = "<group>"; };
		ED2AE3CB2BAF67C40088D850 /* EasyBlogTests.xctest */ = {isa = PBXFileReference; explicitFileType = wrapper.cfbundle; includeInIndex = 0; path = EasyBlogTests.xctest; sourceTree = BUILT_PRODUCTS_DIR; };
		ED2AE3CF2BAF67C40088D850 /* EasyBlogTests.swift */ = {isa = PBXFileReference; lastKnownFileType = sourcecode.swift; path = EasyBlogTests.swift; sourceTree = "<group>"; };
		ED2AE3D52BAF67C40088D850 /* EasyBlogUITests.xctest */ = {isa = PBXFileReference; explicitFileType = wrapper.cfbundle; includeInIndex = 0; path = EasyBlogUITests.xctest; sourceTree = BUILT_PRODUCTS_DIR; };
		ED2AE3D92BAF67C40088D850 /* EasyBlogUITests.swift */ = {isa = PBXFileReference; lastKnownFileType = sourcecode.swift; path = EasyBlogUITests.swift; sourceTree = "<group>"; };
		ED2AE3DB2BAF67C40088D850 /* EasyBlogUITestsLaunchTests.swift */ = {isa = PBXFileReference; lastKnownFileType = sourcecode.swift; path = EasyBlogUITestsLaunchTests.swift; sourceTree = "<group>"; };
/* End PBXFileReference section */

/* Begin PBXFrameworksBuildPhase section */
		ED2AE3AF2BAF67C30088D850 /* Frameworks */ = {
			isa = PBXFrameworksBuildPhase;
			buildActionMask = 2147483647;
			files = (
			);
			runOnlyForDeploymentPostprocessing = 0;
		};
		ED2AE3C82BAF67C40088D850 /* Frameworks */ = {
			isa = PBXFrameworksBuildPhase;
			buildActionMask = 2147483647;
			files = (
			);
			runOnlyForDeploymentPostprocessing = 0;
		};
		ED2AE3D22BAF67C40088D850 /* Frameworks */ = {
			isa = PBXFrameworksBuildPhase;
			buildActionMask = 2147483647;
			files = (
			);
			runOnlyForDeploymentPostprocessing = 0;
		};
/* End PBXFrameworksBuildPhase section */

/* Begin PBXGroup section */
		ED2AE3A92BAF67C30088D850 = {
			isa = PBXGroup;
			children = (
				ED2AE3B42BAF67C30088D850 /* EasyBlog */,
				ED2AE3CE2BAF67C40088D850 /* EasyBlogTests */,
				ED2AE3D82BAF67C40088D850 /* EasyBlogUITests */,
				ED2AE3B32BAF67C30088D850 /* Products */,
			);
			sourceTree = "<group>";
		};
		ED2AE3B32BAF67C30088D850 /* Products */ = {
			isa = PBXGroup;
			children = (
				ED2AE3B22BAF67C30088D850 /* EasyBlog.app */,
				ED2AE3CB2BAF67C40088D850 /* EasyBlogTests.xctest */,
				ED2AE3D52BAF67C40088D850 /* EasyBlogUITests.xctest */,
			);
			name = Products;
			sourceTree = "<group>";
		};
		ED2AE3B42BAF67C30088D850 /* EasyBlog */ = {
			isa = PBXGroup;
			children = (
				ED2AE3B52BAF67C30088D850 /* AppDelegate.swift */,
				ED2AE3B72BAF67C30088D850 /* SceneDelegate.swift */,
				ED2AE3B92BAF67C30088D850 /* ViewController.swift */,
				ED2AE3BB2BAF67C30088D850 /* Main.storyboard */,
				ED2AE3C12BAF67C40088D850 /* Assets.xcassets */,
				ED2AE3C32BAF67C40088D850 /* LaunchScreen.storyboard */,
				ED2AE3C62BAF67C40088D850 /* Info.plist */,
				ED2AE3BE2BAF67C30088D850 /* EasyBlog.xcdatamodeld */,
			);
			path = EasyBlog;
			sourceTree = "<group>";
		};
		ED2AE3CE2BAF67C40088D850 /* EasyBlogTests */ = {
			isa = PBXGroup;
			children = (
				ED2AE3CF2BAF67C40088D850 /* EasyBlogTests.swift */,
			);
			path = EasyBlogTests;
			sourceTree = "<group>";
		};
		ED2AE3D82BAF67C40088D850 /* EasyBlogUITests */ = {
			isa = PBXGroup;
			children = (
				ED2AE3D92BAF67C40088D850 /* EasyBlogUITests.swift */,
				ED2AE3DB2BAF67C40088D850 /* EasyBlogUITestsLaunchTests.swift */,
			);
			path = EasyBlogUITests;
			sourceTree = "<group>";
		};
/* End PBXGroup section */

/* Begin PBXNativeTarget section */
		ED2AE3B12BAF67C30088D850 /* EasyBlog */ = {
			isa = PBXNativeTarget;
			buildConfigurationList = ED2AE3DF2BAF67C40088D850 /* Build configuration list for PBXNativeTarget "EasyBlog" */;
			buildPhases = (
				ED2AE3AE2BAF67C30088D850 /* Sources */,
				ED2AE3AF2BAF67C30088D850 /* Frameworks */,
				ED2AE3B02BAF67C30088D850 /* Resources */,
			);
			buildRules = (
			);
			dependencies = (
			);
			name = EasyBlog;
			productName = EasyBlog;
			productReference = ED2AE3B22BAF67C30088D850 /* EasyBlog.app */;
			productType = "com.apple.product-type.application";
		};
		ED2AE3CA2BAF67C40088D850 /* EasyBlogTests */ = {
			isa = PBXNativeTarget;
			buildConfigurationList = ED2AE3E22BAF67C40088D850 /* Build configuration list for PBXNativeTarget "EasyBlogTests" */;
			buildPhases = (
				ED2AE3C72BAF67C40088D850 /* Sources */,
				ED2AE3C82BAF67C40088D850 /* Frameworks */,
				ED2AE3C92BAF67C40088D850 /* Resources */,
			);
			buildRules = (
			);
			dependencies = (
				ED2AE3CD2BAF67C40088D850 /* PBXTargetDependency */,
			);
			name = EasyBlogTests;
			productName = EasyBlogTests;
			productReference = ED2AE3CB2BAF67C40088D850 /* EasyBlogTests.xctest */;
			productType = "com.apple.product-type.bundle.unit-test";
		};
		ED2AE3D42BAF67C40088D850 /* EasyBlogUITests */ = {
			isa = PBXNativeTarget;
			buildConfigurationList = ED2AE3E52BAF67C40088D850 /* Build configuration list for PBXNativeTarget "EasyBlogUITests" */;
			buildPhases = (
				ED2AE3D12BAF67C40088D850 /* Sources */,
				ED2AE3D22BAF67C40088D850 /* Frameworks */,
				ED2AE3D32BAF67C40088D850 /* Resources */,
			);
			buildRules = (
			);
			dependencies = (
				ED2AE3D72BAF67C40088D850 /* PBXTargetDependency */,
			);
			name = EasyBlogUITests;
			productName = EasyBlogUITests;
			productReference = ED2AE3D52BAF67C40088D850 /* EasyBlogUITests.xctest */;
			productType = "com.apple.product-type.bundle.ui-testing";
		};
/* End PBXNativeTarget section */

/* Begin PBXProject section */
		ED2AE3AA2BAF67C30088D850 /* Project object */ = {
			isa = PBXProject;
			attributes = {
				BuildIndependentTargetsInParallel = 1;
				LastSwiftUpdateCheck = 1340;
				LastUpgradeCheck = 1340;
				TargetAttributes = {
					ED2AE3B12BAF67C30088D850 = {
						CreatedOnToolsVersion = 13.4;
					};
					ED2AE3CA2BAF67C40088D850 = {
						CreatedOnToolsVersion = 13.4;
						TestTargetID = ED2AE3B12BAF67C30088D850;
					};
					ED2AE3D42BAF67C40088D850 = {
						CreatedOnToolsVersion = 13.4;
						TestTargetID = ED2AE3B12BAF67C30088D850;
					};
				};
			};
			buildConfigurationList = ED2AE3AD2BAF67C30088D850 /* Build configuration list for PBXProject "EasyBlog" */;
			compatibilityVersion = "Xcode 13.0";
			developmentRegion = en;
			hasScannedForEncodings = 0;
			knownRegions = (
				en,
				Base,
			);
			mainGroup = ED2AE3A92BAF67C30088D850;
			productRefGroup = ED2AE3B32BAF67C30088D850 /* Products */;
			projectDirPath = "";
			projectRoot = "";
			targets = (
				ED2AE3B12BAF67C30088D850 /* EasyBlog */,
				ED2AE3CA2BAF67C40088D850 /* EasyBlogTests */,
				ED2AE3D42BAF67C40088D850 /* EasyBlogUITests */,
			);
		};
/* End PBXProject section */

/* Begin PBXResourcesBuildPhase section */
		ED2AE3B02BAF67C30088D850 /* Resources */ = {
			isa = PBXResourcesBuildPhase;
			buildActionMask = 2147483647;
			files = (
				ED2AE3C52BAF67C40088D850 /* LaunchScreen.storyboard in Resources */,
				ED2AE3C22BAF67C40088D850 /* Assets.xcassets in Resources */,
				ED2AE3BD2BAF67C30088D850 /* Main.storyboard in Resources */,
			);
			runOnlyForDeploymentPostprocessing = 0;
		};
		ED2AE3C92BAF67C40088D850 /* Resources */ = {
			isa = PBXResourcesBuildPhase;
			buildActionMask = 2147483647;
			files = (
			);
			runOnlyForDeploymentPostprocessing = 0;
		};
		ED2AE3D32BAF67C40088D850 /* Resources */ = {
			isa = PBXResourcesBuildPhase;
			buildActionMask = 2147483647;
			files = (
			);
			runOnlyForDeploymentPostprocessing = 0;
		};
/* End PBXResourcesBuildPhase section */

/* Begin PBXSourcesBuildPhase section */
		ED2AE3AE2BAF67C30088D850 /* Sources */ = {
			isa = PBXSourcesBuildPhase;
			buildActionMask = 2147483647;
			files = (
				ED2AE3BA2BAF67C30088D850 /* ViewController.swift in Sources */,
				ED2AE3B62BAF67C30088D850 /* AppDelegate.swift in Sources */,
				ED2AE3B82BAF67C30088D850 /* SceneDelegate.swift in Sources */,
				ED2AE3C02BAF67C30088D850 /* EasyBlog.xcdatamodeld in Sources */,
			);
			runOnlyForDeploymentPostprocessing = 0;
		};
		ED2AE3C72BAF67C40088D850 /* Sources */ = {
			isa = PBXSourcesBuildPhase;
			buildActionMask = 2147483647;
			files = (
				ED2AE3D02BAF67C40088D850 /* EasyBlogTests.swift in Sources */,
			);
			runOnlyForDeploymentPostprocessing = 0;
		};
		ED2AE3D12BAF67C40088D850 /* Sources */ = {
			isa = PBXSourcesBuildPhase;
			buildActionMask = 2147483647;
			files = (
				ED2AE3DC2BAF67C40088D850 /* EasyBlogUITestsLaunchTests.swift in Sources */,
				ED2AE3DA2BAF67C40088D850 /* EasyBlogUITests.swift in Sources */,
			);
			runOnlyForDeploymentPostprocessing = 0;
		};
/* End PBXSourcesBuildPhase section */

/* Begin PBXTargetDependency section */
		ED2AE3CD2BAF67C40088D850 /* PBXTargetDependency */ = {
			isa = PBXTargetDependency;
			target = ED2AE3B12BAF67C30088D850 /* EasyBlog */;
			targetProxy = ED2AE3CC2BAF67C40088D850 /* PBXContainerItemProxy */;
		};
		ED2AE3D72BAF67C40088D850 /* PBXTargetDependency */ = {
			isa = PBXTargetDependency;
			target = ED2AE3B12BAF67C30088D850 /* EasyBlog */;
			targetProxy = ED2AE3D62BAF67C40088D850 /* PBXContainerItemProxy */;
		};
/* End PBXTargetDependency section */

/* Begin PBXVariantGroup section */
		ED2AE3BB2BAF67C30088D850 /* Main.storyboard */ = {
			isa = PBXVariantGroup;
			children = (
				ED2AE3BC2BAF67C30088D850 /* Base */,
			);
			name = Main.storyboard;
			sourceTree = "<group>";
		};
		ED2AE3C32BAF67C40088D850 /* LaunchScreen.storyboard */ = {
			isa = PBXVariantGroup;
			children = (
				ED2AE3C42BAF67C40088D850 /* Base */,
			);
			name = LaunchScreen.storyboard;
			sourceTree = "<group>";
		};
/* End PBXVariantGroup section */

/* Begin XCBuildConfiguration section */
		ED2AE3DD2BAF67C40088D850 /* Debug */ = {
			isa = XCBuildConfiguration;
			buildSettings = {
				ALWAYS_SEARCH_USER_PATHS = NO;
				CLANG_ANALYZER_NONNULL = YES;
				CLANG_ANALYZER_NUMBER_OBJECT_CONVERSION = YES_AGGRESSIVE;
				CLANG_CXX_LANGUAGE_STANDARD = "gnu++17";
				CLANG_ENABLE_MODULES = YES;
				CLANG_ENABLE_OBJC_ARC = YES;
				CLANG_ENABLE_OBJC_WEAK = YES;
				CLANG_WARN_BLOCK_CAPTURE_AUTORELEASING = YES;
				CLANG_WARN_BOOL_CONVERSION = YES;
				CLANG_WARN_COMMA = YES;
				CLANG_WARN_CONSTANT_CONVERSION = YES;
				CLANG_WARN_DEPRECATED_OBJC_IMPLEMENTATIONS = YES;
				CLANG_WARN_DIRECT_OBJC_ISA_USAGE = YES_ERROR;
				CLANG_WARN_DOCUMENTATION_COMMENTS = YES;
				CLANG_WARN_EMPTY_BODY = YES;
				CLANG_WARN_ENUM_CONVERSION = YES;
				CLANG_WARN_INFINITE_RECURSION = YES;
				CLANG_WARN_INT_CONVERSION = YES;
				CLANG_WARN_NON_LITERAL_NULL_CONVERSION = YES;
				CLANG_WARN_OBJC_IMPLICIT_RETAIN_SELF = YES;
				CLANG_WARN_OBJC_LITERAL_CONVERSION = YES;
				CLANG_WARN_OBJC_ROOT_CLASS = YES_ERROR;
				CLANG_WARN_QUOTED_INCLUDE_IN_FRAMEWORK_HEADER = YES;
				CLANG_WARN_RANGE_LOOP_ANALYSIS = YES;
				CLANG_WARN_STRICT_PROTOTYPES = YES;
				CLANG_WARN_SUSPICIOUS_MOVE = YES;
				CLANG_WARN_UNGUARDED_AVAILABILITY = YES_AGGRESSIVE;
				CLANG_WARN_UNREACHABLE_CODE = YES;
				CLANG_WARN__DUPLICATE_METHOD_MATCH = YES;
				COPY_PHASE_STRIP = NO;
				DEBUG_INFORMATION_FORMAT = dwarf;
				ENABLE_STRICT_OBJC_MSGSEND = YES;
				ENABLE_TESTABILITY = YES;
				GCC_C_LANGUAGE_STANDARD = gnu11;
				GCC_DYNAMIC_NO_PIC = NO;
				GCC_NO_COMMON_BLOCKS = YES;
				GCC_OPTIMIZATION_LEVEL = 0;
				GCC_PREPROCESSOR_DEFINITIONS = (
					"DEBUG=1",
					"$(inherited)",
				);
				GCC_WARN_64_TO_32_BIT_CONVERSION = YES;
				GCC_WARN_ABOUT_RETURN_TYPE = YES_ERROR;
				GCC_WARN_UNDECLARED_SELECTOR = YES;
				GCC_WARN_UNINITIALIZED_AUTOS = YES_AGGRESSIVE;
				GCC_WARN_UNUSED_FUNCTION = YES;
				GCC_WARN_UNUSED_VARIABLE = YES;
				IPHONEOS_DEPLOYMENT_TARGET = 15.5;
				MTL_ENABLE_DEBUG_INFO = INCLUDE_SOURCE;
				MTL_FAST_MATH = YES;
				ONLY_ACTIVE_ARCH = YES;
				SDKROOT = iphoneos;
				SWIFT_ACTIVE_COMPILATION_CONDITIONS = DEBUG;
				SWIFT_OPTIMIZATION_LEVEL = "-Onone";
			};
			name = Debug;
		};
		ED2AE3DE2BAF67C40088D850 /* Release */ = {
			isa = XCBuildConfiguration;
			buildSettings = {
				ALWAYS_SEARCH_USER_PATHS = NO;
				CLANG_ANALYZER_NONNULL = YES;
				CLANG_ANALYZER_NUMBER_OBJECT_CONVERSION = YES_AGGRESSIVE;
				CLANG_CXX_LANGUAGE_STANDARD = "gnu++17";
				CLANG_ENABLE_MODULES = YES;
				CLANG_ENABLE_OBJC_ARC = YES;
				CLANG_ENABLE_OBJC_WEAK = YES;
				CLANG_WARN_BLOCK_CAPTURE_AUTORELEASING = YES;
				CLANG_WARN_BOOL_CONVERSION = YES;
				CLANG_WARN_COMMA = YES;
				CLANG_WARN_CONSTANT_CONVERSION = YES;
				CLANG_WARN_DEPRECATED_OBJC_IMPLEMENTATIONS = YES;
				CLANG_WARN_DIRECT_OBJC_ISA_USAGE = YES_ERROR;
				CLANG_WARN_DOCUMENTATION_COMMENTS = YES;
				CLANG_WARN_EMPTY_BODY = YES;
				CLANG_WARN_ENUM_CONVERSION = YES;
				CLANG_WARN_INFINITE_RECURSION = YES;
				CLANG_WARN_INT_CONVERSION = YES;
				CLANG_WARN_NON_LITERAL_NULL_CONVERSION = YES;
				CLANG_WARN_OBJC_IMPLICIT_RETAIN_SELF = YES;
				CLANG_WARN_OBJC_LITERAL_CONVERSION = YES;
				CLANG_WARN_OBJC_ROOT_CLASS = YES_ERROR;
				CLANG_WARN_QUOTED_INCLUDE_IN_FRAMEWORK_HEADER = YES;
				CLANG_WARN_RANGE_LOOP_ANALYSIS = YES;
				CLANG_WARN_STRICT_PROTOTYPES = YES;
				CLANG_WARN_SUSPICIOUS_MOVE = YES;
				CLANG_WARN_UNGUARDED_AVAILABILITY = YES_AGGRESSIVE;
				CLANG_WARN_UNREACHABLE_CODE = YES;
				CLANG_WARN__DUPLICATE_METHOD_MATCH = YES;
				COPY_PHASE_STRIP = NO;
				DEBUG_INFORMATION_FORMAT = "dwarf-with-dsym";
				ENABLE_NS_ASSERTIONS = NO;
				ENABLE_STRICT_OBJC_MSGSEND = YES;
				GCC_C_LANGUAGE_STANDARD = gnu11;
				GCC_NO_COMMON_BLOCKS = YES;
				GCC_WARN_64_TO_32_BIT_CONVERSION = YES;
				GCC_WARN_ABOUT_RETURN_TYPE = YES_ERROR;
				GCC_WARN_UNDECLARED_SELECTOR = YES;
				GCC_WARN_UNINITIALIZED_AUTOS = YES_AGGRESSIVE;
				GCC_WARN_UNUSED_FUNCTION = YES;
				GCC_WARN_UNUSED_VARIABLE = YES;
				IPHONEOS_DEPLOYMENT_TARGET = 15.5;
				MTL_ENABLE_DEBUG_INFO = NO;
				MTL_FAST_MATH = YES;
				SDKROOT = iphoneos;
				SWIFT_COMPILATION_MODE = wholemodule;
				SWIFT_OPTIMIZATION_LEVEL = "-O";
				VALIDATE_PRODUCT = YES;
			};
			name = Release;
		};
		ED2AE3E02BAF67C40088D850 /* Debug */ = {
			isa = XCBuildConfiguration;
			buildSettings = {
				ASSETCATALOG_COMPILER_APPICON_NAME = AppIcon;
				ASSETCATALOG_COMPILER_GLOBAL_ACCENT_COLOR_NAME = AccentColor;
				CODE_SIGN_STYLE = Automatic;
				CURRENT_PROJECT_VERSION = 1;
				DEVELOPMENT_TEAM = UM2HMUD428;
				GENERATE_INFOPLIST_FILE = YES;
				INFOPLIST_FILE = EasyBlog/Info.plist;
				INFOPLIST_KEY_UIApplicationSupportsIndirectInputEvents = YES;
				INFOPLIST_KEY_UILaunchStoryboardName = LaunchScreen;
				INFOPLIST_KEY_UIMainStoryboardFile = Main;
				INFOPLIST_KEY_UISupportedInterfaceOrientations_iPad = "UIInterfaceOrientationPortrait UIInterfaceOrientationPortraitUpsideDown UIInterfaceOrientationLandscapeLeft UIInterfaceOrientationLandscapeRight";
				INFOPLIST_KEY_UISupportedInterfaceOrientations_iPhone = "UIInterfaceOrientationPortrait UIInterfaceOrientationLandscapeLeft UIInterfaceOrientationLandscapeRight";
				LD_RUNPATH_SEARCH_PATHS = (
					"$(inherited)",
					"@executable_path/Frameworks",
				);
				MARKETING_VERSION = 1.0;
				PRODUCT_BUNDLE_IDENTIFIER = com.practice.EasyBlog;
				PRODUCT_NAME = "$(TARGET_NAME)";
				SWIFT_EMIT_LOC_STRINGS = YES;
				SWIFT_VERSION = 5.0;
				TARGETED_DEVICE_FAMILY = "1,2";
			};
			name = Debug;
		};
		ED2AE3E12BAF67C40088D850 /* Release */ = {
			isa = XCBuildConfiguration;
			buildSettings = {
				ASSETCATALOG_COMPILER_APPICON_NAME = AppIcon;
				ASSETCATALOG_COMPILER_GLOBAL_ACCENT_COLOR_NAME = AccentColor;
				CODE_SIGN_STYLE = Automatic;
				CURRENT_PROJECT_VERSION = 1;
				DEVELOPMENT_TEAM = UM2HMUD428;
				GENERATE_INFOPLIST_FILE = YES;
				INFOPLIST_FILE = EasyBlog/Info.plist;
				INFOPLIST_KEY_UIApplicationSupportsIndirectInputEvents = YES;
				INFOPLIST_KEY_UILaunchStoryboardName = LaunchScreen;
				INFOPLIST_KEY_UIMainStoryboardFile = Main;
				INFOPLIST_KEY_UISupportedInterfaceOrientations_iPad = "UIInterfaceOrientationPortrait UIInterfaceOrientationPortraitUpsideDown UIInterfaceOrientationLandscapeLeft UIInterfaceOrientationLandscapeRight";
				INFOPLIST_KEY_UISupportedInterfaceOrientations_iPhone = "UIInterfaceOrientationPortrait UIInterfaceOrientationLandscapeLeft UIInterfaceOrientationLandscapeRight";
				LD_RUNPATH_SEARCH_PATHS = (
					"$(inherited)",
					"@executable_path/Frameworks",
				);
				MARKETING_VERSION = 1.0;
				PRODUCT_BUNDLE_IDENTIFIER = com.practice.EasyBlog;
				PRODUCT_NAME = "$(TARGET_NAME)";
				SWIFT_EMIT_LOC_STRINGS = YES;
				SWIFT_VERSION = 5.0;
				TARGETED_DEVICE_FAMILY = "1,2";
			};
			name = Release;
		};
		ED2AE3E32BAF67C40088D850 /* Debug */ = {
			isa = XCBuildConfiguration;
			buildSettings = {
				ALWAYS_EMBED_SWIFT_STANDARD_LIBRARIES = YES;
				BUNDLE_LOADER = "$(TEST_HOST)";
				CODE_SIGN_STYLE = Automatic;
				CURRENT_PROJECT_VERSION = 1;
				DEVELOPMENT_TEAM = UM2HMUD428;
				GENERATE_INFOPLIST_FILE = YES;
				IPHONEOS_DEPLOYMENT_TARGET = 15.5;
				MARKETING_VERSION = 1.0;
				PRODUCT_BUNDLE_IDENTIFIER = com.practice.EasyBlogTests;
				PRODUCT_NAME = "$(TARGET_NAME)";
				SWIFT_EMIT_LOC_STRINGS = NO;
				SWIFT_VERSION = 5.0;
				TARGETED_DEVICE_FAMILY = "1,2";
				TEST_HOST = "$(BUILT_PRODUCTS_DIR)/EasyBlog.app/EasyBlog";
			};
			name = Debug;
		};
		ED2AE3E42BAF67C40088D850 /* Release */ = {
			isa = XCBuildConfiguration;
			buildSettings = {
				ALWAYS_EMBED_SWIFT_STANDARD_LIBRARIES = YES;
				BUNDLE_LOADER = "$(TEST_HOST)";
				CODE_SIGN_STYLE = Automatic;
				CURRENT_PROJECT_VERSION = 1;
				DEVELOPMENT_TEAM = UM2HMUD428;
				GENERATE_INFOPLIST_FILE = YES;
				IPHONEOS_DEPLOYMENT_TARGET = 15.5;
				MARKETING_VERSION = 1.0;
				PRODUCT_BUNDLE_IDENTIFIER = com.practice.EasyBlogTests;
				PRODUCT_NAME = "$(TARGET_NAME)";
				SWIFT_EMIT_LOC_STRINGS = NO;
				SWIFT_VERSION = 5.0;
				TARGETED_DEVICE_FAMILY = "1,2";
				TEST_HOST = "$(BUILT_PRODUCTS_DIR)/EasyBlog.app/EasyBlog";
			};
			name = Release;
		};
		ED2AE3E62BAF67C40088D850 /* Debug */ = {
			isa = XCBuildConfiguration;
			buildSettings = {
				ALWAYS_EMBED_SWIFT_STANDARD_LIBRARIES = YES;
				CODE_SIGN_STYLE = Automatic;
				CURRENT_PROJECT_VERSION = 1;
				DEVELOPMENT_TEAM = UM2HMUD428;
				GENERATE_INFOPLIST_FILE = YES;
				MARKETING_VERSION = 1.0;
				PRODUCT_BUNDLE_IDENTIFIER = com.practice.EasyBlogUITests;
				PRODUCT_NAME = "$(TARGET_NAME)";
				SWIFT_EMIT_LOC_STRINGS = NO;
				SWIFT_VERSION = 5.0;
				TARGETED_DEVICE_FAMILY = "1,2";
				TEST_TARGET_NAME = EasyBlog;
			};
			name = Debug;
		};
		ED2AE3E72BAF67C40088D850 /* Release */ = {
			isa = XCBuildConfiguration;
			buildSettings = {
				ALWAYS_EMBED_SWIFT_STANDARD_LIBRARIES = YES;
				CODE_SIGN_STYLE = Automatic;
				CURRENT_PROJECT_VERSION = 1;
				DEVELOPMENT_TEAM = UM2HMUD428;
				GENERATE_INFOPLIST_FILE = YES;
				MARKETING_VERSION = 1.0;
				PRODUCT_BUNDLE_IDENTIFIER = com.practice.EasyBlogUITests;
				PRODUCT_NAME = "$(TARGET_NAME)";
				SWIFT_EMIT_LOC_STRINGS = NO;
				SWIFT_VERSION = 5.0;
				TARGETED_DEVICE_FAMILY = "1,2";
				TEST_TARGET_NAME = EasyBlog;
			};
			name = Release;
		};
/* End XCBuildConfiguration section */

/* Begin XCConfigurationList section */
		ED2AE3AD2BAF67C30088D850 /* Build configuration list for PBXProject "EasyBlog" */ = {
			isa = XCConfigurationList;
			buildConfigurations = (
				ED2AE3DD2BAF67C40088D850 /* Debug */,
				ED2AE3DE2BAF67C40088D850 /* Release */,
			);
			defaultConfigurationIsVisible = 0;
			defaultConfigurationName = Release;
		};
		ED2AE3DF2BAF67C40088D850 /* Build configuration list for PBXNativeTarget "EasyBlog" */ = {
			isa = XCConfigurationList;
			buildConfigurations = (
				ED2AE3E02BAF67C40088D850 /* Debug */,
				ED2AE3E12BAF67C40088D850 /* Release */,
			);
			defaultConfigurationIsVisible = 0;
			defaultConfigurationName = Release;
		};
		ED2AE3E22BAF67C40088D850 /* Build configuration list for PBXNativeTarget "EasyBlogTests" */ = {
			isa = XCConfigurationList;
			buildConfigurations = (
				ED2AE3E32BAF67C40088D850 /* Debug */,
				ED2AE3E42BAF67C40088D850 /* Release */,
			);
			defaultConfigurationIsVisible = 0;
			defaultConfigurationName = Release;
		};
		ED2AE3E52BAF67C40088D850 /* Build configuration list for PBXNativeTarget "EasyBlogUITests" */ = {
			isa = XCConfigurationList;
			buildConfigurations = (
				ED2AE3E62BAF67C40088D850 /* Debug */,
				ED2AE3E72BAF67C40088D850 /* Release */,
			);
			defaultConfigurationIsVisible = 0;
			defaultConfigurationName = Release;
		};
/* End XCConfigurationList section */

/* Begin XCVersionGroup section */
		ED2AE3BE2BAF67C30088D850 /* EasyBlog.xcdatamodeld */ = {
			isa = XCVersionGroup;
			children = (
				ED2AE3BF2BAF67C30088D850 /* EasyBlog.xcdatamodel */,
			);
			currentVersion = ED2AE3BF2BAF67C30088D850 /* EasyBlog.xcdatamodel */;
			path = EasyBlog.xcdatamodeld;
			sourceTree = "<group>";
			versionGroupType = wrapper.xcdatamodel;
		};
/* End XCVersionGroup section */
	};
	rootObject = ED2AE3AA2BAF67C30088D850 /* Project object */;
}
